{
    "_readme": [
        "This file locks the dependencies of your project to a known state",
        "Read more about it at https://getcomposer.org/doc/01-basic-usage.md#installing-dependencies",
        "This file is @generated automatically"
    ],
    "content-hash": "ff3682493fd96e0cb24a3d3464fe88f6",
    "packages": [
        {
            "name": "composer/installers",
            "version": "v2.2.0",
            "source": {
                "type": "git",
                "url": "https://github.com/composer/installers.git",
                "reference": "c29dc4b93137acb82734f672c37e029dfbd95b35"
            },
            "dist": {
                "type": "zip",
                "url": "https://api.github.com/repos/composer/installers/zipball/c29dc4b93137acb82734f672c37e029dfbd95b35",
                "reference": "c29dc4b93137acb82734f672c37e029dfbd95b35",
                "shasum": ""
            },
            "require": {
                "composer-plugin-api": "^1.0 || ^2.0",
                "php": "^7.2 || ^8.0"
            },
            "require-dev": {
                "composer/composer": "1.6.* || ^2.0",
                "composer/semver": "^1 || ^3",
                "phpstan/phpstan": "^0.12.55",
                "phpstan/phpstan-phpunit": "^0.12.16",
                "symfony/phpunit-bridge": "^5.3",
                "symfony/process": "^5"
            },
            "type": "composer-plugin",
            "extra": {
                "class": "Composer\\Installers\\Plugin",
                "branch-alias": {
                    "dev-main": "2.x-dev"
                },
                "plugin-modifies-install-path": true
            },
            "autoload": {
                "psr-4": {
                    "Composer\\Installers\\": "src/Composer/Installers"
                }
            },
            "notification-url": "https://packagist.org/downloads/",
            "license": [
                "MIT"
            ],
            "authors": [
                {
                    "name": "Kyle Robinson Young",
                    "email": "kyle@dontkry.com",
                    "homepage": "https://github.com/shama"
                }
            ],
            "description": "A multi-framework Composer library installer",
            "homepage": "https://composer.github.io/installers/",
            "keywords": [
                "Dolibarr",
                "Eliasis",
                "Hurad",
                "ImageCMS",
                "Kanboard",
                "Lan Management System",
                "MODX Evo",
                "MantisBT",
                "Mautic",
                "Maya",
                "OXID",
                "Plentymarkets",
                "Porto",
                "RadPHP",
                "SMF",
                "Starbug",
                "Thelia",
                "Whmcs",
                "WolfCMS",
                "agl",
                "annotatecms",
                "attogram",
                "bitrix",
                "cakephp",
                "chef",
                "cockpit",
                "codeigniter",
                "concrete5",
                "croogo",
                "dokuwiki",
                "drupal",
                "eZ Platform",
                "elgg",
                "expressionengine",
                "fuelphp",
                "grav",
                "installer",
                "itop",
                "known",
                "kohana",
                "laravel",
                "lavalite",
                "lithium",
                "magento",
                "majima",
                "mako",
                "matomo",
                "mediawiki",
                "miaoxing",
                "modulework",
                "modx",
                "moodle",
                "osclass",
                "pantheon",
                "phpbb",
                "piwik",
                "ppi",
                "processwire",
                "puppet",
                "pxcms",
                "reindex",
                "roundcube",
                "shopware",
                "silverstripe",
                "sydes",
                "sylius",
                "tastyigniter",
                "wordpress",
                "yawik",
                "zend",
                "zikula"
            ],
            "support": {
                "issues": "https://github.com/composer/installers/issues",
                "source": "https://github.com/composer/installers/tree/v2.2.0"
            },
            "funding": [
                {
                    "url": "https://packagist.com",
                    "type": "custom"
                },
                {
                    "url": "https://github.com/composer",
                    "type": "github"
                },
                {
                    "url": "https://tidelift.com/funding/github/packagist/composer/composer",
                    "type": "tidelift"
                }
            ],
            "time": "2022-08-20T06:45:11+00:00"
        },
        {
            "name": "elementor/elementor-pro",
            "version": "3.14.1",
            "source": {
                "type": "git",
                "url": "git@github.com:elementor/elementor-pro.git",
                "reference": "60d0d4c97b8307e3095b627296b0c9feb9d37586"
            },
            "dist": {
                "type": "zip",
                "url": "https://composer.elementor.com/download/3.14.1",
                "reference": "60d0d4c97b8307e3095b627296b0c9feb9d37586",
                "shasum": ""
            },
            "require-dev": {
                "inewlegend/elementor-editor-testing": "0.0.2",
                "phpunit/phpunit": "^5|^6|^7",
                "yoast/phpunit-polyfills": "^1.0.1"
            },
            "type": "wordpress-plugin",
            "autoload-dev": {
                "classmap": [
                    "tests/phpunit/mock/"
                ]
            },
            "scripts": {
                "test": [
                    "phpunit --testsuite elementor-pro"
                ],
                "test:woocommerce": [
                    "phpunit --testsuite woocommerce"
                ],
                "test:install": [
                    "bash ./bin/install-wp-tests-local.sh"
                ]
            },
            "license": [
                "GPL-3.0"
            ],
            "authors": [
                {
                    "name": "Elementor team"
                }
            ],
            "description": "WordPress website builder, with no limits of design. A website builder that delivers high-end page designs and advanced capabilities, never before seen on WordPress.",
            "support": {
                "source": "https://github.com/elementor/elementor-pro/tree/3.14.1"
            },
            "time": "2023-06-26T10:17:58+00:00"
        },
        {
            "name": "wpackagist-plugin/elementor",
            "version": "3.15.0-beta3",
            "source": {
                "type": "svn",
                "url": "https://plugins.svn.wordpress.org/elementor/",
                "reference": "tags/3.15.0-beta3"
            },
            "dist": {
                "type": "zip",
                "url": "https://downloads.wordpress.org/plugin/elementor.3.15.0-beta3.zip"
            },
            "require": {
                "composer/installers": "^1.0 || ^2.0"
            },
            "type": "wordpress-plugin",
            "homepage": "https://wordpress.org/plugins/elementor/"
        }
    ],
    "packages-dev": [],
    "aliases": [],
    "minimum-stability": "stable",
    "stability-flags": {
        "wpackagist-plugin/elementor": 10,
        "elementor/elementor-pro": 10
    },
    "prefer-stable": false,
    "prefer-lowest": false,
    "platform": {
        "ext-json": "*"
    },
    "platform-dev": [],
    "plugin-api-version": "2.2.0"
}
